// !$*UTF8*$!
{
	archiveVersion = 1;
	classes = {
	};
	objectVersion = 46;
	objects = {

/* Begin PBXBuildFile section */
		24D938681AE9211000B12638 /* main.cpp in Sources */ = {isa = PBXBuildFile; fileRef = 24D938671AE9211000B12638 /* main.cpp */; };
/* End PBXBuildFile section */

/* Begin PBXCopyFilesBuildPhase section */
		244E10031AD6C37300976354 /* CopyFiles */ = {
			isa = PBXCopyFilesBuildPhase;
			buildActionMask = 2147483647;
			dstPath = /usr/share/man/man1/;
			dstSubfolderSpec = 0;
			files = (
			);
			runOnlyForDeploymentPostprocessing = 1;
		};
		24D938631AE9211000B12638 /* CopyFiles */ = {
			isa = PBXCopyFilesBuildPhase;
			buildActionMask = 2147483647;
			dstPath = /usr/share/man/man1/;
			dstSubfolderSpec = 0;
			files = (
			);
			runOnlyForDeploymentPostprocessing = 1;
		};
/* End PBXCopyFilesBuildPhase section */

/* Begin PBXFileReference section */
		244E10051AD6C37300976354 /* Algo Start Lato 2015 */ = {isa = PBXFileReference; explicitFileType = "compiled.mach-o.executable"; includeInIndex = 0; name = "Algo Start Lato 2015"; path = "/Users/Janusz/Dysk Google/Algo Start/AlgoStartLato2015/build/Debug/Algo Start Lato 2015"; sourceTree = "<absolute>"; };
		24D938651AE9211000B12638 /* ScalanieWieluList */ = {isa = PBXFileReference; explicitFileType = "compiled.mach-o.executable"; includeInIndex = 0; path = ScalanieWieluList; sourceTree = BUILT_PRODUCTS_DIR; };
		24D938671AE9211000B12638 /* main.cpp */ = {isa = PBXFileReference; lastKnownFileType = sourcecode.cpp.cpp; path = main.cpp; sourceTree = "<group>"; };
/* End PBXFileReference section */

/* Begin PBXFrameworksBuildPhase section */
		244E10021AD6C37300976354 /* Frameworks */ = {
			isa = PBXFrameworksBuildPhase;
			buildActionMask = 2147483647;
			files = (
			);
			runOnlyForDeploymentPostprocessing = 0;
		};
		24D938621AE9211000B12638 /* Frameworks */ = {
			isa = PBXFrameworksBuildPhase;
			buildActionMask = 2147483647;
			files = (
			);
			runOnlyForDeploymentPostprocessing = 0;
		};
/* End PBXFrameworksBuildPhase section */

/* Begin PBXGroup section */
		244E0FFC1AD6C37300976354 = {
			isa = PBXGroup;
			children = (
				24D938651AE9211000B12638 /* ScalanieWieluList */,
				24D938661AE9211000B12638 /* ScalanieWieluList */,
			);
			sourceTree = "<group>";
		};
		24D938661AE9211000B12638 /* ScalanieWieluList */ = {
			isa = PBXGroup;
			children = (
				24D938671AE9211000B12638 /* main.cpp */,
			);
			path = ScalanieWieluList;
			sourceTree = "<group>";
		};
/* End PBXGroup section */

/* Begin PBXNativeTarget section */
		244E10041AD6C37300976354 /* Algo Start Lato 2015 */ = {
			isa = PBXNativeTarget;
			buildConfigurationList = 244E100C1AD6C37300976354 /* Build configuration list for PBXNativeTarget "Algo Start Lato 2015" */;
			buildPhases = (
				244E10011AD6C37300976354 /* Sources */,
				244E10021AD6C37300976354 /* Frameworks */,
				244E10031AD6C37300976354 /* CopyFiles */,
			);
			buildRules = (
			);
			dependencies = (
			);
			name = "Algo Start Lato 2015";
			productName = "Algo Start Lato 2015";
			productReference = 244E10051AD6C37300976354 /* Algo Start Lato 2015 */;
			productType = "com.apple.product-type.tool";
		};
		24D938641AE9211000B12638 /* ScalanieWieluList */ = {
			isa = PBXNativeTarget;
			buildConfigurationList = 24D938691AE9211000B12638 /* Build configuration list for PBXNativeTarget "ScalanieWieluList" */;
			buildPhases = (
				24D938611AE9211000B12638 /* Sources */,
				24D938621AE9211000B12638 /* Frameworks */,
				24D938631AE9211000B12638 /* CopyFiles */,
			);
			buildRules = (
			);
			dependencies = (
			);
			name = ScalanieWieluList;
			productName = ScalanieWieluList;
			productReference = 24D938651AE9211000B12638 /* ScalanieWieluList */;
			productType = "com.apple.product-type.tool";
		};
/* End PBXNativeTarget section */

/* Begin PBXProject section */
		244E0FFD1AD6C37300976354 /* Project object */ = {
			isa = PBXProject;
			attributes = {
				LastUpgradeCheck = 0620;
				ORGANIZATIONNAME = "Janusz Grzesik";
				TargetAttributes = {
					244E10041AD6C37300976354 = {
						CreatedOnToolsVersion = 6.2;
					};
					24D938641AE9211000B12638 = {
						CreatedOnToolsVersion = 6.3.1;
					};
				};
			};
			buildConfigurationList = 244E10001AD6C37300976354 /* Build configuration list for PBXProject "Algo Start Lato 2015" */;
			compatibilityVersion = "Xcode 3.2";
			developmentRegion = English;
			hasScannedForEncodings = 0;
			knownRegions = (
				en,
			);
			mainGroup = 244E0FFC1AD6C37300976354;
			productRefGroup = 244E0FFC1AD6C37300976354;
			projectDirPath = "";
			projectRoot = "";
			targets = (
				244E10041AD6C37300976354 /* Algo Start Lato 2015 */,
				24D938641AE9211000B12638 /* ScalanieWieluList */,
			);
		};
/* End PBXProject section */

/* Begin PBXSourcesBuildPhase section */
		244E10011AD6C37300976354 /* Sources */ = {
			isa = PBXSourcesBuildPhase;
			buildActionMask = 2147483647;
			files = (
			);
			runOnlyForDeploymentPostprocessing = 0;
		};
		24D938611AE9211000B12638 /* Sources */ = {
			isa = PBXSourcesBuildPhase;
			buildActionMask = 2147483647;
			files = (
				24D938681AE9211000B12638 /* main.cpp in Sources */,
			);
			runOnlyForDeploymentPostprocessing = 0;
		};
/* End PBXSourcesBuildPhase section */

/* Begin XCBuildConfiguration section */
		244E100A1AD6C37300976354 /* Debug */ = {
			isa = XCBuildConfiguration;
			buildSettings = {
				ALWAYS_SEARCH_USER_PATHS = NO;
				CLANG_CXX_LANGUAGE_STANDARD = "gnu++0x";
				CLANG_CXX_LIBRARY = "libc++";
				CLANG_ENABLE_MODULES = YES;
				CLANG_ENABLE_OBJC_ARC = YES;
				CLANG_WARN_BOOL_CONVERSION = YES;
				CLANG_WARN_CONSTANT_CONVERSION = YES;
				CLANG_WARN_DIRECT_OBJC_ISA_USAGE = YES_ERROR;
				CLANG_WARN_EMPTY_BODY = YES;
				CLANG_WARN_ENUM_CONVERSION = YES;
				CLANG_WARN_INT_CONVERSION = YES;
				CLANG_WARN_OBJC_ROOT_CLASS = YES_ERROR;
				CLANG_WARN_UNREACHABLE_CODE = YES;
				CLANG_WARN__DUPLICATE_METHOD_MATCH = YES;
				COPY_PHASE_STRIP = NO;
				ENABLE_STRICT_OBJC_MSGSEND = YES;
				GCC_C_LANGUAGE_STANDARD = gnu99;
				GCC_DYNAMIC_NO_PIC = NO;
				GCC_OPTIMIZATION_LEVEL = 0;
				GCC_PREPROCESSOR_DEFINITIONS = (
					"DEBUG=1",
					"$(inherited)",
				);
				GCC_SYMBOLS_PRIVATE_EXTERN = NO;
				GCC_WARN_64_TO_32_BIT_CONVERSION = YES;
				GCC_WARN_ABOUT_RETURN_TYPE = YES_ERROR;
				GCC_WARN_UNDECLARED_SELECTOR = YES;
				GCC_WARN_UNINITIALIZED_AUTOS = YES_AGGRESSIVE;
				GCC_WARN_UNUSED_FUNCTION = YES;
				GCC_WARN_UNUSED_VARIABLE = YES;
				MACOSX_DEPLOYMENT_TARGET = 10.10;
				MTL_ENABLE_DEBUG_INFO = YES;
				ONLY_ACTIVE_ARCH = YES;
				SDKROOT = macosx;
			};
			name = Debug;
		};
		244E100B1AD6C37300976354 /* Release */ = {
			isa = XCBuildConfiguration;
			buildSettings = {
				ALWAYS_SEARCH_USER_PATHS = NO;
				CLANG_CXX_LANGUAGE_STANDARD = "gnu++0x";
				CLANG_CXX_LIBRARY = "libc++";
				CLANG_ENABLE_MODULES = YES;
				CLANG_ENABLE_OBJC_ARC = YES;
				CLANG_WARN_BOOL_CONVERSION = YES;
				CLANG_WARN_CONSTANT_CONVERSION = YES;
				CLANG_WARN_DIRECT_OBJC_ISA_USAGE = YES_ERROR;
				CLANG_WARN_EMPTY_BODY = YES;
				CLANG_WARN_ENUM_CONVERSION = YES;
				CLANG_WARN_INT_CONVERSION = YES;
				CLANG_WARN_OBJC_ROOT_CLASS = YES_ERROR;
				CLANG_WARN_UNREACHABLE_CODE = YES;
				CLANG_WARN__DUPLICATE_METHOD_MATCH = YES;
				COPY_PHASE_STRIP = NO;
				DEBUG_INFORMATION_FORMAT = "dwarf-with-dsym";
				ENABLE_NS_ASSERTIONS = NO;
				ENABLE_STRICT_OBJC_MSGSEND = YES;
				GCC_C_LANGUAGE_STANDARD = gnu99;
				GCC_WARN_64_TO_32_BIT_CONVERSION = YES;
				GCC_WARN_ABOUT_RETURN_TYPE = YES_ERROR;
				GCC_WARN_UNDECLARED_SELECTOR = YES;
				GCC_WARN_UNINITIALIZED_AUTOS = YES_AGGRESSIVE;
				GCC_WARN_UNUSED_FUNCTION = YES;
				GCC_WARN_UNUSED_VARIABLE = YES;
				MACOSX_DEPLOYMENT_TARGET = 10.10;
				MTL_ENABLE_DEBUG_INFO = NO;
				SDKROOT = macosx;
			};
			name = Release;
		};
		244E100D1AD6C37300976354 /* Debug */ = {
			isa = XCBuildConfiguration;
			buildSettings = {
				PRODUCT_NAME = "$(TARGET_NAME)";
			};
			name = Debug;
		};
		244E100E1AD6C37300976354 /* Release */ = {
			isa = XCBuildConfiguration;
			buildSettings = {
				PRODUCT_NAME = "$(TARGET_NAME)";
			};
			name = Release;
		};
		24D9386A1AE9211000B12638 /* Debug */ = {
			isa = XCBuildConfiguration;
			buildSettings = {
				DEBUG_INFORMATION_FORMAT = dwarf;
				GCC_NO_COMMON_BLOCKS = YES;
				GCC_PREPROCESSOR_DEFINITIONS = (
					"DEBUG=1",
					"$(inherited)",
				);
				PRODUCT_NAME = "$(TARGET_NAME)";
			};
			name = Debug;
		};
		24D9386B1AE9211000B12638 /* Release */ = {
			isa = XCBuildConfiguration;
			buildSettings = {
				GCC_NO_COMMON_BLOCKS = YES;
				PRODUCT_NAME = "$(TARGET_NAME)";
			};
			name = Release;
		};
/* End XCBuildConfiguration section */

/* Begin XCConfigurationList section */
		244E10001AD6C37300976354 /* Build configuration list for PBXProject "Algo Start Lato 2015" */ = {
			isa = XCConfigurationList;
			buildConfigurations = (
				244E100A1AD6C37300976354 /* Debug */,
				244E100B1AD6C37300976354 /* Release */,
			);
			defaultConfigurationIsVisible = 0;
			defaultConfigurationName = Release;
		};
		244E100C1AD6C37300976354 /* Build configuration list for PBXNativeTarget "Algo Start Lato 2015" */ = {
			isa = XCConfigurationList;
			buildConfigurations = (
				244E100D1AD6C37300976354 /* Debug */,
				244E100E1AD6C37300976354 /* Release */,
			);
			defaultConfigurationIsVisible = 0;
			defaultConfigurationName = Release;
		};
		24D938691AE9211000B12638 /* Build configuration list for PBXNativeTarget "ScalanieWieluList" */ = {
			isa = XCConfigurationList;
			buildConfigurations = (
				24D9386A1AE9211000B12638 /* Debug */,
				24D9386B1AE9211000B12638 /* Release */,
			);
			defaultConfigurationIsVisible = 0;
		};
/* End XCConfigurationList section */
	};
	rootObject = 244E0FFD1AD6C37300976354 /* Project object */;
}
